
Microsoft Visual Studio Solution File, Format Version 12.00
# Visual Studio Version 17
VisualStudioVersion = 17.6.33815.320
MinimumVisualStudioVersion = 10.0.40219.1
Project("{FAE04EC0-301F-11D3-BF4B-00C04F79EFBC}") = "Instagram_video_saver_bot", "Instagram_video_saver_bot\Instagram_video_saver_bot.csproj", "{B2FCB3D7-CDBD-4250-BF58-8D4EA35B6E7C}"
EndProject
Global
	GlobalSection(SolutionConfigurationPlatforms) = preSolution
		Debug|Any CPU = Debug|Any CPU
		Release|Any CPU = Release|Any CPU
	EndGlobalSection
	GlobalSection(ProjectConfigurationPlatforms) = postSolution
		{B2FCB3D7-CDBD-4250-BF58-8D4EA35B6E7C}.Debug|Any CPU.ActiveCfg = Debug|Any CPU
		{B2FCB3D7-CDBD-4250-BF58-8D4EA35B6E7C}.Debug|Any CPU.Build.0 = Debug|Any CPU
		{B2FCB3D7-CDBD-4250-BF58-8D4EA35B6E7C}.Release|Any CPU.ActiveCfg = Release|Any CPU
		{B2FCB3D7-CDBD-4250-BF58-8D4EA35B6E7C}.Release|Any CPU.Build.0 = Release|Any CPU
	EndGlobalSection
	GlobalSection(SolutionProperties) = preSolution
		HideSolutionNode = FALSE
	EndGlobalSection
	GlobalSection(ExtensibilityGlobals) = postSolution
		SolutionGuid = {78B5F232-3772-463F-B57D-C0A8CE734F8C}
	EndGlobalSection
EndGlobal
